// !$*UTF8*$!
{
	archiveVersion = 1;
	classes = {
	};
	objectVersion = 46;
	objects = {

/* Begin PBXBuildFile section */
		FB81A72B165F3AE000DCF88C /* UIKit.framework in Frameworks */ = {isa = PBXBuildFile; fileRef = FB81A72A165F3AE000DCF88C /* UIKit.framework */; };
		FB81A72D165F3AE000DCF88C /* Foundation.framework in Frameworks */ = {isa = PBXBuildFile; fileRef = FB81A72C165F3AE000DCF88C /* Foundation.framework */; };
		FB81A72F165F3AE000DCF88C /* CoreGraphics.framework in Frameworks */ = {isa = PBXBuildFile; fileRef = FB81A72E165F3AE000DCF88C /* CoreGraphics.framework */; };
		FB81A735165F3AE000DCF88C /* InfoPlist.strings in Resources */ = {isa = PBXBuildFile; fileRef = FB81A733165F3AE000DCF88C /* InfoPlist.strings */; };
		FB81A737165F3AE000DCF88C /* main.m in Sources */ = {isa = PBXBuildFile; fileRef = FB81A736165F3AE000DCF88C /* main.m */; };
		FB81A73B165F3AE000DCF88C /* kaboomAppDelegate.m in Sources */ = {isa = PBXBuildFile; fileRef = FB81A73A165F3AE000DCF88C /* kaboomAppDelegate.m */; };
		FB81A73E165F3AE000DCF88C /* MainStoryboard.storyboard in Resources */ = {isa = PBXBuildFile; fileRef = FB81A73C165F3AE000DCF88C /* MainStoryboard.storyboard */; };
		FB81A741165F3AE000DCF88C /* kaboomViewController.m in Sources */ = {isa = PBXBuildFile; fileRef = FB81A740165F3AE000DCF88C /* kaboomViewController.m */; };
		FB81A749165F3AE100DCF88C /* SenTestingKit.framework in Frameworks */ = {isa = PBXBuildFile; fileRef = FB81A748165F3AE000DCF88C /* SenTestingKit.framework */; };
		FB81A74A165F3AE100DCF88C /* UIKit.framework in Frameworks */ = {isa = PBXBuildFile; fileRef = FB81A72A165F3AE000DCF88C /* UIKit.framework */; };
		FB81A74B165F3AE100DCF88C /* Foundation.framework in Frameworks */ = {isa = PBXBuildFile; fileRef = FB81A72C165F3AE000DCF88C /* Foundation.framework */; };
		FB81A753165F3AE100DCF88C /* InfoPlist.strings in Resources */ = {isa = PBXBuildFile; fileRef = FB81A751165F3AE100DCF88C /* InfoPlist.strings */; };
		FB81A756165F3AE100DCF88C /* KaBoomTests.m in Sources */ = {isa = PBXBuildFile; fileRef = FB81A755165F3AE100DCF88C /* KaBoomTests.m */; };
		FB89677D16606CDD009424BA /* kaboom-app-icon.png in Resources */ = {isa = PBXBuildFile; fileRef = FB89677C16606CDD009424BA /* kaboom-app-icon.png */; };
		FB89677F16606D0F009424BA /* kaboom-app-icon@2x.png in Resources */ = {isa = PBXBuildFile; fileRef = FB89677E16606D0F009424BA /* kaboom-app-icon@2x.png */; };
		FB89678116606E82009424BA /* kaboom-screen-layout.png in Resources */ = {isa = PBXBuildFile; fileRef = FB89678016606E82009424BA /* kaboom-screen-layout.png */; };
		FB89679216607EB8009424BA /* AVFoundation.framework in Frameworks */ = {isa = PBXBuildFile; fileRef = FB89679116607EB8009424BA /* AVFoundation.framework */; };
		FBF7B10916608B5C00B0821F /* A-Bomb.mp3 in Resources */ = {isa = PBXBuildFile; fileRef = FBF7B10316608B5C00B0821F /* A-Bomb.mp3 */; };
		FBF7B10A16608B5C00B0821F /* Catastrophe.mp3 in Resources */ = {isa = PBXBuildFile; fileRef = FBF7B10416608B5C00B0821F /* Catastrophe.mp3 */; };
		FBF7B10B16608B5C00B0821F /* Explosion.mp3 in Resources */ = {isa = PBXBuildFile; fileRef = FBF7B10516608B5C00B0821F /* Explosion.mp3 */; };
		FBF7B10C16608B5C00B0821F /* Fireball.mp3 in Resources */ = {isa = PBXBuildFile; fileRef = FBF7B10616608B5C00B0821F /* Fireball.mp3 */; };
		FBF7B10D16608B5C00B0821F /* Howitzer.mp3 in Resources */ = {isa = PBXBuildFile; fileRef = FBF7B10716608B5C00B0821F /* Howitzer.mp3 */; };
		FBF7B10E16608B5C00B0821F /* Laser Beam.mp3 in Resources */ = {isa = PBXBuildFile; fileRef = FBF7B10816608B5C00B0821F /* Laser Beam.mp3 */; };
		FBF7B1101660DBDB00B0821F /* AudioToolbox.framework in Frameworks */ = {isa = PBXBuildFile; fileRef = FBF7B10F1660DBDB00B0821F /* AudioToolbox.framework */; };
		FBF7B1121660DEA800B0821F /* Default-568h@2x.png in Resources */ = {isa = PBXBuildFile; fileRef = FBF7B1111660DEA800B0821F /* Default-568h@2x.png */; };
/* End PBXBuildFile section */

/* Begin PBXContainerItemProxy section */
		FB81A74C165F3AE100DCF88C /* PBXContainerItemProxy */ = {
			isa = PBXContainerItemProxy;
			containerPortal = FB81A71D165F3AE000DCF88C /* Project object */;
			proxyType = 1;
			remoteGlobalIDString = FB81A725165F3AE000DCF88C;
			remoteInfo = KaBoom;
		};
/* End PBXContainerItemProxy section */

/* Begin PBXFileReference section */
		FB81A726165F3AE000DCF88C /* KaBoom.app */ = {isa = PBXFileReference; explicitFileType = wrapper.application; includeInIndex = 0; path = KaBoom.app; sourceTree = BUILT_PRODUCTS_DIR; };
		FB81A72A165F3AE000DCF88C /* UIKit.framework */ = {isa = PBXFileReference; lastKnownFileType = wrapper.framework; name = UIKit.framework; path = System/Library/Frameworks/UIKit.framework; sourceTree = SDKROOT; };
		FB81A72C165F3AE000DCF88C /* Foundation.framework */ = {isa = PBXFileReference; lastKnownFileType = wrapper.framework; name = Foundation.framework; path = System/Library/Frameworks/Foundation.framework; sourceTree = SDKROOT; };
		FB81A72E165F3AE000DCF88C /* CoreGraphics.framework */ = {isa = PBXFileReference; lastKnownFileType = wrapper.framework; name = CoreGraphics.framework; path = System/Library/Frameworks/CoreGraphics.framework; sourceTree = SDKROOT; };
		FB81A732165F3AE000DCF88C /* KaBoom-Info.plist */ = {isa = PBXFileReference; lastKnownFileType = text.plist.xml; path = "KaBoom-Info.plist"; sourceTree = "<group>"; };
		FB81A734165F3AE000DCF88C /* en */ = {isa = PBXFileReference; lastKnownFileType = text.plist.strings; name = en; path = en.lproj/InfoPlist.strings; sourceTree = "<group>"; };
		FB81A736165F3AE000DCF88C /* main.m */ = {isa = PBXFileReference; lastKnownFileType = sourcecode.c.objc; path = main.m; sourceTree = "<group>"; };
		FB81A738165F3AE000DCF88C /* KaBoom-Prefix.pch */ = {isa = PBXFileReference; lastKnownFileType = sourcecode.c.h; path = "KaBoom-Prefix.pch"; sourceTree = "<group>"; };
		FB81A739165F3AE000DCF88C /* kaboomAppDelegate.h */ = {isa = PBXFileReference; lastKnownFileType = sourcecode.c.h; path = kaboomAppDelegate.h; sourceTree = "<group>"; };
		FB81A73A165F3AE000DCF88C /* kaboomAppDelegate.m */ = {isa = PBXFileReference; lastKnownFileType = sourcecode.c.objc; path = kaboomAppDelegate.m; sourceTree = "<group>"; };
		FB81A73D165F3AE000DCF88C /* en */ = {isa = PBXFileReference; lastKnownFileType = file.storyboard; name = en; path = en.lproj/MainStoryboard.storyboard; sourceTree = "<group>"; };
		FB81A73F165F3AE000DCF88C /* kaboomViewController.h */ = {isa = PBXFileReference; lastKnownFileType = sourcecode.c.h; path = kaboomViewController.h; sourceTree = "<group>"; };
		FB81A740165F3AE000DCF88C /* kaboomViewController.m */ = {isa = PBXFileReference; lastKnownFileType = sourcecode.c.objc; path = kaboomViewController.m; sourceTree = "<group>"; };
		FB81A747165F3AE000DCF88C /* KaBoomTests.octest */ = {isa = PBXFileReference; explicitFileType = wrapper.cfbundle; includeInIndex = 0; path = KaBoomTests.octest; sourceTree = BUILT_PRODUCTS_DIR; };
		FB81A748165F3AE000DCF88C /* SenTestingKit.framework */ = {isa = PBXFileReference; lastKnownFileType = wrapper.framework; name = SenTestingKit.framework; path = Library/Frameworks/SenTestingKit.framework; sourceTree = DEVELOPER_DIR; };
		FB81A750165F3AE100DCF88C /* KaBoomTests-Info.plist */ = {isa = PBXFileReference; lastKnownFileType = text.plist.xml; path = "KaBoomTests-Info.plist"; sourceTree = "<group>"; };
		FB81A752165F3AE100DCF88C /* en */ = {isa = PBXFileReference; lastKnownFileType = text.plist.strings; name = en; path = en.lproj/InfoPlist.strings; sourceTree = "<group>"; };
		FB81A754165F3AE100DCF88C /* KaBoomTests.h */ = {isa = PBXFileReference; lastKnownFileType = sourcecode.c.h; path = KaBoomTests.h; sourceTree = "<group>"; };
		FB81A755165F3AE100DCF88C /* KaBoomTests.m */ = {isa = PBXFileReference; lastKnownFileType = sourcecode.c.objc; path = KaBoomTests.m; sourceTree = "<group>"; };
		FB89677C16606CDD009424BA /* kaboom-app-icon.png */ = {isa = PBXFileReference; lastKnownFileType = image.png; path = "kaboom-app-icon.png"; sourceTree = "<group>"; };
		FB89677E16606D0F009424BA /* kaboom-app-icon@2x.png */ = {isa = PBXFileReference; lastKnownFileType = image.png; path = "kaboom-app-icon@2x.png"; sourceTree = "<group>"; };
		FB89678016606E82009424BA /* kaboom-screen-layout.png */ = {isa = PBXFileReference; lastKnownFileType = image.png; path = "kaboom-screen-layout.png"; sourceTree = "<group>"; };
		FB89679116607EB8009424BA /* AVFoundation.framework */ = {isa = PBXFileReference; lastKnownFileType = wrapper.framework; name = AVFoundation.framework; path = System/Library/Frameworks/AVFoundation.framework; sourceTree = SDKROOT; };
		FBF7B10316608B5C00B0821F /* A-Bomb.mp3 */ = {isa = PBXFileReference; lastKnownFileType = audio.mp3; path = "A-Bomb.mp3"; sourceTree = "<group>"; };
		FBF7B10416608B5C00B0821F /* Catastrophe.mp3 */ = {isa = PBXFileReference; lastKnownFileType = audio.mp3; path = Catastrophe.mp3; sourceTree = "<group>"; };
		FBF7B10516608B5C00B0821F /* Explosion.mp3 */ = {isa = PBXFileReference; lastKnownFileType = audio.mp3; path = Explosion.mp3; sourceTree = "<group>"; };
		FBF7B10616608B5C00B0821F /* Fireball.mp3 */ = {isa = PBXFileReference; lastKnownFileType = audio.mp3; path = Fireball.mp3; sourceTree = "<group>"; };
		FBF7B10716608B5C00B0821F /* Howitzer.mp3 */ = {isa = PBXFileReference; lastKnownFileType = audio.mp3; path = Howitzer.mp3; sourceTree = "<group>"; };
		FBF7B10816608B5C00B0821F /* Laser Beam.mp3 */ = {isa = PBXFileReference; lastKnownFileType = audio.mp3; path = "Laser Beam.mp3"; sourceTree = "<group>"; };
		FBF7B10F1660DBDB00B0821F /* AudioToolbox.framework */ = {isa = PBXFileReference; lastKnownFileType = wrapper.framework; name = AudioToolbox.framework; path = System/Library/Frameworks/AudioToolbox.framework; sourceTree = SDKROOT; };
		FBF7B1111660DEA800B0821F /* Default-568h@2x.png */ = {isa = PBXFileReference; lastKnownFileType = image.png; path = "Default-568h@2x.png"; sourceTree = "<group>"; };
/* End PBXFileReference section */

/* Begin PBXFrameworksBuildPhase section */
		FB81A723165F3AE000DCF88C /* Frameworks */ = {
			isa = PBXFrameworksBuildPhase;
			buildActionMask = 2147483647;
			files = (
				FB81A72B165F3AE000DCF88C /* UIKit.framework in Frameworks */,
				FB81A72D165F3AE000DCF88C /* Foundation.framework in Frameworks */,
				FB81A72F165F3AE000DCF88C /* CoreGraphics.framework in Frameworks */,
				FB89679216607EB8009424BA /* AVFoundation.framework in Frameworks */,
				FBF7B1101660DBDB00B0821F /* AudioToolbox.framework in Frameworks */,
			);
			runOnlyForDeploymentPostprocessing = 0;
		};
		FB81A743165F3AE000DCF88C /* Frameworks */ = {
			isa = PBXFrameworksBuildPhase;
			buildActionMask = 2147483647;
			files = (
				FB81A749165F3AE100DCF88C /* SenTestingKit.framework in Frameworks */,
				FB81A74A165F3AE100DCF88C /* UIKit.framework in Frameworks */,
				FB81A74B165F3AE100DCF88C /* Foundation.framework in Frameworks */,
			);
			runOnlyForDeploymentPostprocessing = 0;
		};
/* End PBXFrameworksBuildPhase section */

/* Begin PBXGroup section */
		FB81A71B165F3AE000DCF88C = {
			isa = PBXGroup;
			children = (
				FBF7B1111660DEA800B0821F /* Default-568h@2x.png */,
				FB89677E16606D0F009424BA /* kaboom-app-icon@2x.png */,
				FB89677C16606CDD009424BA /* kaboom-app-icon.png */,
				FB81A730165F3AE000DCF88C /* KaBoom */,
				FB81A74E165F3AE100DCF88C /* KaBoomTests */,
				FB81A729165F3AE000DCF88C /* Frameworks */,
				FB81A727165F3AE000DCF88C /* Products */,
			);
			sourceTree = "<group>";
		};
		FB81A727165F3AE000DCF88C /* Products */ = {
			isa = PBXGroup;
			children = (
				FB81A726165F3AE000DCF88C /* KaBoom.app */,
				FB81A747165F3AE000DCF88C /* KaBoomTests.octest */,
			);
			name = Products;
			sourceTree = "<group>";
		};
		FB81A729165F3AE000DCF88C /* Frameworks */ = {
			isa = PBXGroup;
			children = (
				FBF7B10F1660DBDB00B0821F /* AudioToolbox.framework */,
				FB89679116607EB8009424BA /* AVFoundation.framework */,
				FB81A72A165F3AE000DCF88C /* UIKit.framework */,
				FB81A72C165F3AE000DCF88C /* Foundation.framework */,
				FB81A72E165F3AE000DCF88C /* CoreGraphics.framework */,
				FB81A748165F3AE000DCF88C /* SenTestingKit.framework */,
			);
			name = Frameworks;
			sourceTree = "<group>";
		};
		FB81A730165F3AE000DCF88C /* KaBoom */ = {
			isa = PBXGroup;
			children = (
				FBF7B10316608B5C00B0821F /* A-Bomb.mp3 */,
				FBF7B10416608B5C00B0821F /* Catastrophe.mp3 */,
				FBF7B10516608B5C00B0821F /* Explosion.mp3 */,
				FBF7B10616608B5C00B0821F /* Fireball.mp3 */,
				FBF7B10716608B5C00B0821F /* Howitzer.mp3 */,
				FBF7B10816608B5C00B0821F /* Laser Beam.mp3 */,
				FB81A739165F3AE000DCF88C /* kaboomAppDelegate.h */,
				FB81A73A165F3AE000DCF88C /* kaboomAppDelegate.m */,
				FB81A73C165F3AE000DCF88C /* MainStoryboard.storyboard */,
				FB81A73F165F3AE000DCF88C /* kaboomViewController.h */,
				FB81A740165F3AE000DCF88C /* kaboomViewController.m */,
				FB81A731165F3AE000DCF88C /* Supporting Files */,
			);
			path = KaBoom;
			sourceTree = "<group>";
		};
		FB81A731165F3AE000DCF88C /* Supporting Files */ = {
			isa = PBXGroup;
			children = (
				FB89678016606E82009424BA /* kaboom-screen-layout.png */,
				FB81A732165F3AE000DCF88C /* KaBoom-Info.plist */,
				FB81A733165F3AE000DCF88C /* InfoPlist.strings */,
				FB81A736165F3AE000DCF88C /* main.m */,
				FB81A738165F3AE000DCF88C /* KaBoom-Prefix.pch */,
			);
			name = "Supporting Files";
			sourceTree = "<group>";
		};
		FB81A74E165F3AE100DCF88C /* KaBoomTests */ = {
			isa = PBXGroup;
			children = (
				FB81A754165F3AE100DCF88C /* KaBoomTests.h */,
				FB81A755165F3AE100DCF88C /* KaBoomTests.m */,
				FB81A74F165F3AE100DCF88C /* Supporting Files */,
			);
			path = KaBoomTests;
			sourceTree = "<group>";
		};
		FB81A74F165F3AE100DCF88C /* Supporting Files */ = {
			isa = PBXGroup;
			children = (
				FB81A750165F3AE100DCF88C /* KaBoomTests-Info.plist */,
				FB81A751165F3AE100DCF88C /* InfoPlist.strings */,
			);
			name = "Supporting Files";
			sourceTree = "<group>";
		};
/* End PBXGroup section */

/* Begin PBXNativeTarget section */
		FB81A725165F3AE000DCF88C /* KaBoom */ = {
			isa = PBXNativeTarget;
			buildConfigurationList = FB81A759165F3AE100DCF88C /* Build configuration list for PBXNativeTarget "KaBoom" */;
			buildPhases = (
				FB81A722165F3AE000DCF88C /* Sources */,
				FB81A723165F3AE000DCF88C /* Frameworks */,
				FB81A724165F3AE000DCF88C /* Resources */,
			);
			buildRules = (
			);
			dependencies = (
			);
			name = KaBoom;
			productName = KaBoom;
			productReference = FB81A726165F3AE000DCF88C /* KaBoom.app */;
			productType = "com.apple.product-type.application";
		};
		FB81A746165F3AE000DCF88C /* KaBoomTests */ = {
			isa = PBXNativeTarget;
			buildConfigurationList = FB81A75C165F3AE100DCF88C /* Build configuration list for PBXNativeTarget "KaBoomTests" */;
			buildPhases = (
				FB81A742165F3AE000DCF88C /* Sources */,
				FB81A743165F3AE000DCF88C /* Frameworks */,
				FB81A744165F3AE000DCF88C /* Resources */,
				FB81A745165F3AE000DCF88C /* ShellScript */,
			);
			buildRules = (
			);
			dependencies = (
				FB81A74D165F3AE100DCF88C /* PBXTargetDependency */,
			);
			name = KaBoomTests;
			productName = KaBoomTests;
			productReference = FB81A747165F3AE000DCF88C /* KaBoomTests.octest */;
			productType = "com.apple.product-type.bundle";
		};
/* End PBXNativeTarget section */

/* Begin PBXProject section */
		FB81A71D165F3AE000DCF88C /* Project object */ = {
			isa = PBXProject;
			attributes = {
				CLASSPREFIX = kaboom;
				LastUpgradeCheck = 0440;
				ORGANIZATIONNAME = "Peter Milkman";
			};
			buildConfigurationList = FB81A720165F3AE000DCF88C /* Build configuration list for PBXProject "KaBoom" */;
			compatibilityVersion = "Xcode 3.2";
			developmentRegion = English;
			hasScannedForEncodings = 0;
			knownRegions = (
				en,
			);
			mainGroup = FB81A71B165F3AE000DCF88C;
			productRefGroup = FB81A727165F3AE000DCF88C /* Products */;
			projectDirPath = "";
			projectRoot = "";
			targets = (
				FB81A725165F3AE000DCF88C /* KaBoom */,
				FB81A746165F3AE000DCF88C /* KaBoomTests */,
			);
		};
/* End PBXProject section */

/* Begin PBXResourcesBuildPhase section */
		FB81A724165F3AE000DCF88C /* Resources */ = {
			isa = PBXResourcesBuildPhase;
			buildActionMask = 2147483647;
			files = (
				FB81A735165F3AE000DCF88C /* InfoPlist.strings in Resources */,
				FB81A73E165F3AE000DCF88C /* MainStoryboard.storyboard in Resources */,
				FB89677D16606CDD009424BA /* kaboom-app-icon.png in Resources */,
				FB89677F16606D0F009424BA /* kaboom-app-icon@2x.png in Resources */,
				FB89678116606E82009424BA /* kaboom-screen-layout.png in Resources */,
				FBF7B10916608B5C00B0821F /* A-Bomb.mp3 in Resources */,
				FBF7B10A16608B5C00B0821F /* Catastrophe.mp3 in Resources */,
				FBF7B10B16608B5C00B0821F /* Explosion.mp3 in Resources */,
				FBF7B10C16608B5C00B0821F /* Fireball.mp3 in Resources */,
				FBF7B10D16608B5C00B0821F /* Howitzer.mp3 in Resources */,
				FBF7B10E16608B5C00B0821F /* Laser Beam.mp3 in Resources */,
				FBF7B1121660DEA800B0821F /* Default-568h@2x.png in Resources */,
			);
			runOnlyForDeploymentPostprocessing = 0;
		};
		FB81A744165F3AE000DCF88C /* Resources */ = {
			isa = PBXResourcesBuildPhase;
			buildActionMask = 2147483647;
			files = (
				FB81A753165F3AE100DCF88C /* InfoPlist.strings in Resources */,
			);
			runOnlyForDeploymentPostprocessing = 0;
		};
/* End PBXResourcesBuildPhase section */

/* Begin PBXShellScriptBuildPhase section */
		FB81A745165F3AE000DCF88C /* ShellScript */ = {
			isa = PBXShellScriptBuildPhase;
			buildActionMask = 2147483647;
			files = (
			);
			inputPaths = (
			);
			outputPaths = (
			);
			runOnlyForDeploymentPostprocessing = 0;
			shellPath = /bin/sh;
			shellScript = "# Run the unit tests in this test bundle.\n\"${SYSTEM_DEVELOPER_DIR}/Tools/RunUnitTests\"\n";
		};
/* End PBXShellScriptBuildPhase section */

/* Begin PBXSourcesBuildPhase section */
		FB81A722165F3AE000DCF88C /* Sources */ = {
			isa = PBXSourcesBuildPhase;
			buildActionMask = 2147483647;
			files = (
				FB81A737165F3AE000DCF88C /* main.m in Sources */,
				FB81A73B165F3AE000DCF88C /* kaboomAppDelegate.m in Sources */,
				FB81A741165F3AE000DCF88C /* kaboomViewController.m in Sources */,
			);
			runOnlyForDeploymentPostprocessing = 0;
		};
		FB81A742165F3AE000DCF88C /* Sources */ = {
			isa = PBXSourcesBuildPhase;
			buildActionMask = 2147483647;
			files = (
				FB81A756165F3AE100DCF88C /* KaBoomTests.m in Sources */,
			);
			runOnlyForDeploymentPostprocessing = 0;
		};
/* End PBXSourcesBuildPhase section */

/* Begin PBXTargetDependency section */
		FB81A74D165F3AE100DCF88C /* PBXTargetDependency */ = {
			isa = PBXTargetDependency;
			target = FB81A725165F3AE000DCF88C /* KaBoom */;
			targetProxy = FB81A74C165F3AE100DCF88C /* PBXContainerItemProxy */;
		};
/* End PBXTargetDependency section */

/* Begin PBXVariantGroup section */
		FB81A733165F3AE000DCF88C /* InfoPlist.strings */ = {
			isa = PBXVariantGroup;
			children = (
				FB81A734165F3AE000DCF88C /* en */,
			);
			name = InfoPlist.strings;
			sourceTree = "<group>";
		};
		FB81A73C165F3AE000DCF88C /* MainStoryboard.storyboard */ = {
			isa = PBXVariantGroup;
			children = (
				FB81A73D165F3AE000DCF88C /* en */,
			);
			name = MainStoryboard.storyboard;
			sourceTree = "<group>";
		};
		FB81A751165F3AE100DCF88C /* InfoPlist.strings */ = {
			isa = PBXVariantGroup;
			children = (
				FB81A752165F3AE100DCF88C /* en */,
			);
			name = InfoPlist.strings;
			sourceTree = "<group>";
		};
/* End PBXVariantGroup section */

/* Begin XCBuildConfiguration section */
		FB81A757165F3AE100DCF88C /* Debug */ = {
			isa = XCBuildConfiguration;
			buildSettings = {
				ALWAYS_SEARCH_USER_PATHS = NO;
				ARCHS = "$(ARCHS_STANDARD_32_BIT)";
				CLANG_CXX_LANGUAGE_STANDARD = "gnu++0x";
				CLANG_ENABLE_OBJC_ARC = YES;
				CLANG_WARN__DUPLICATE_METHOD_MATCH = YES;
				CODE_SIGN_IDENTITY = "iPhone Developer: Peter Milkman (455N66CTFF)";
				"CODE_SIGN_IDENTITY[sdk=iphoneos*]" = "iPhone Developer: Peter Milkman (455N66CTFF)";
				COPY_PHASE_STRIP = NO;
				GCC_C_LANGUAGE_STANDARD = gnu99;
				GCC_DYNAMIC_NO_PIC = NO;
				GCC_OPTIMIZATION_LEVEL = 0;
				GCC_PREPROCESSOR_DEFINITIONS = (
					"DEBUG=1",
					"$(inherited)",
				);
				GCC_SYMBOLS_PRIVATE_EXTERN = NO;
				GCC_VERSION = com.apple.compilers.llvm.clang.1_0;
				GCC_WARN_ABOUT_RETURN_TYPE = YES;
				GCC_WARN_UNINITIALIZED_AUTOS = YES;
				GCC_WARN_UNUSED_VARIABLE = YES;
				IPHONEOS_DEPLOYMENT_TARGET = 5.1;
				PROVISIONING_PROFILE = "5AEF681D-41D5-4695-888C-72DDD733EB02";
				"PROVISIONING_PROFILE[sdk=iphoneos*]" = "";
				SDKROOT = iphoneos;
			};
			name = Debug;
		};
		FB81A758165F3AE100DCF88C /* Release */ = {
			isa = XCBuildConfiguration;
			buildSettings = {
				ALWAYS_SEARCH_USER_PATHS = NO;
				ARCHS = "$(ARCHS_STANDARD_32_BIT)";
				CLANG_CXX_LANGUAGE_STANDARD = "gnu++0x";
				CLANG_ENABLE_OBJC_ARC = YES;
				CLANG_WARN__DUPLICATE_METHOD_MATCH = YES;
				CODE_SIGN_IDENTITY = "iPhone Developer: Peter Milkman (455N66CTFF)";
				"CODE_SIGN_IDENTITY[sdk=iphoneos*]" = "iPhone Developer: Peter Milkman (455N66CTFF)";
				COPY_PHASE_STRIP = YES;
				GCC_C_LANGUAGE_STANDARD = gnu99;
				GCC_VERSION = com.apple.compilers.llvm.clang.1_0;
				GCC_WARN_ABOUT_RETURN_TYPE = YES;
				GCC_WARN_UNINITIALIZED_AUTOS = YES;
				GCC_WARN_UNUSED_VARIABLE = YES;
				IPHONEOS_DEPLOYMENT_TARGET = 5.1;
				OTHER_CFLAGS = "-DNS_BLOCK_ASSERTIONS=1";
				PROVISIONING_PROFILE = "5AEF681D-41D5-4695-888C-72DDD733EB02";
				"PROVISIONING_PROFILE[sdk=iphoneos*]" = "";
				SDKROOT = iphoneos;
				VALIDATE_PRODUCT = YES;
			};
			name = Release;
		};
		FB81A75A165F3AE100DCF88C /* Debug */ = {
			isa = XCBuildConfiguration;
			buildSettings = {
				CODE_SIGN_IDENTITY = "iPhone Developer: Peter Milkman (455N66CTFF)";
				"CODE_SIGN_IDENTITY[sdk=iphoneos*]" = "iPhone Developer";
				FRAMEWORK_SEARCH_PATHS = (
					"$(inherited)",
					"\"$(SRCROOT)\"",
				);
				GCC_PRECOMPILE_PREFIX_HEADER = YES;
				GCC_PREFIX_HEADER = "KaBoom/KaBoom-Prefix.pch";
				INFOPLIST_FILE = "KaBoom/KaBoom-Info.plist";
				ONLY_ACTIVE_ARCH = NO;
				PRODUCT_NAME = "$(TARGET_NAME)";
				PROVISIONING_PROFILE = "";
				"PROVISIONING_PROFILE[sdk=iphoneos*]" = "";
				SDKROOT = iphoneos;
				SUPPORTED_PLATFORMS = "iphonesimulator iphoneos";
				WRAPPER_EXTENSION = app;
			};
			name = Debug;
		};
		FB81A75B165F3AE100DCF88C /* Release */ = {
			isa = XCBuildConfiguration;
			buildSettings = {
				CODE_SIGN_IDENTITY = "iPhone Developer";
				"CODE_SIGN_IDENTITY[sdk=iphoneos*]" = "iPhone Developer";
				FRAMEWORK_SEARCH_PATHS = (
					"$(inherited)",
					"\"$(SRCROOT)\"",
				);
				GCC_PRECOMPILE_PREFIX_HEADER = YES;
				GCC_PREFIX_HEADER = "KaBoom/KaBoom-Prefix.pch";
				INFOPLIST_FILE = "KaBoom/KaBoom-Info.plist";
				ONLY_ACTIVE_ARCH = NO;
				PRODUCT_NAME = "$(TARGET_NAME)";
				PROVISIONING_PROFILE = "";
				"PROVISIONING_PROFILE[sdk=iphoneos*]" = "";
				SDKROOT = iphoneos;
				SUPPORTED_PLATFORMS = "iphonesimulator iphoneos";
				WRAPPER_EXTENSION = app;
			};
			name = Release;
		};
		FB81A75D165F3AE100DCF88C /* Debug */ = {
			isa = XCBuildConfiguration;
			buildSettings = {
				BUNDLE_LOADER = "$(BUILT_PRODUCTS_DIR)/KaBoom.app/KaBoom";
				FRAMEWORK_SEARCH_PATHS = (
					"\"$(SDKROOT)/Developer/Library/Frameworks\"",
					"\"$(DEVELOPER_LIBRARY_DIR)/Frameworks\"",
				);
				GCC_PRECOMPILE_PREFIX_HEADER = YES;
				GCC_PREFIX_HEADER = "KaBoom/KaBoom-Prefix.pch";
				INFOPLIST_FILE = "KaBoomTests/KaBoomTests-Info.plist";
				PRODUCT_NAME = "$(TARGET_NAME)";
				TEST_HOST = "$(BUNDLE_LOADER)";
				WRAPPER_EXTENSION = octest;
			};
			name = Debug;
		};
		FB81A75E165F3AE100DCF88C /* Release */ = {
			isa = XCBuildConfiguration;
			buildSettings = {
				BUNDLE_LOADER = "$(BUILT_PRODUCTS_DIR)/KaBoom.app/KaBoom";
				FRAMEWORK_SEARCH_PATHS = (
					"\"$(SDKROOT)/Developer/Library/Frameworks\"",
					"\"$(DEVELOPER_LIBRARY_DIR)/Frameworks\"",
				);
				GCC_PRECOMPILE_PREFIX_HEADER = YES;
				GCC_PREFIX_HEADER = "KaBoom/KaBoom-Prefix.pch";
				INFOPLIST_FILE = "KaBoomTests/KaBoomTests-Info.plist";
				PRODUCT_NAME = "$(TARGET_NAME)";
				TEST_HOST = "$(BUNDLE_LOADER)";
				WRAPPER_EXTENSION = octest;
			};
			name = Release;
		};
		FBF7B1131660EC9B00B0821F /* Ad Hoc Distribution */ = {
			isa = XCBuildConfiguration;
			buildSettings = {
				ALWAYS_SEARCH_USER_PATHS = NO;
				ARCHS = "$(ARCHS_STANDARD_32_BIT)";
				CLANG_CXX_LANGUAGE_STANDARD = "gnu++0x";
				CLANG_ENABLE_OBJC_ARC = YES;
				CLANG_WARN__DUPLICATE_METHOD_MATCH = YES;
				CODE_SIGN_IDENTITY = "iPhone Developer: Peter Milkman (455N66CTFF)";
				"CODE_SIGN_IDENTITY[sdk=iphoneos*]" = "iPhone Developer: Peter Milkman (455N66CTFF)";
				COPY_PHASE_STRIP = YES;
				GCC_C_LANGUAGE_STANDARD = gnu99;
				GCC_VERSION = com.apple.compilers.llvm.clang.1_0;
				GCC_WARN_ABOUT_RETURN_TYPE = YES;
				GCC_WARN_UNINITIALIZED_AUTOS = YES;
				GCC_WARN_UNUSED_VARIABLE = YES;
				IPHONEOS_DEPLOYMENT_TARGET = 5.1;
				OTHER_CFLAGS = "-DNS_BLOCK_ASSERTIONS=1";
				PROVISIONING_PROFILE = "BEEC7C8E-0D99-4859-842C-7391E8FCB862";
				"PROVISIONING_PROFILE[sdk=iphoneos*]" = "5AEF681D-41D5-4695-888C-72DDD733EB02";
				SDKROOT = iphoneos;
				VALIDATE_PRODUCT = YES;
			};
			name = "Ad Hoc Distribution";
		};
		FBF7B1141660EC9B00B0821F /* Ad Hoc Distribution */ = {
			isa = XCBuildConfiguration;
			buildSettings = {
				CODE_SIGN_IDENTITY = "iPhone Developer: Peter Milkman (455N66CTFF)";
				FRAMEWORK_SEARCH_PATHS = (
					"$(inherited)",
					"\"$(SRCROOT)\"",
				);
				GCC_PRECOMPILE_PREFIX_HEADER = YES;
				GCC_PREFIX_HEADER = "KaBoom/KaBoom-Prefix.pch";
				INFOPLIST_FILE = "KaBoom/KaBoom-Info.plist";
				ONLY_ACTIVE_ARCH = NO;
				PRODUCT_NAME = "$(TARGET_NAME)";
				PROVISIONING_PROFILE = "";
				SDKROOT = iphoneos;
				SUPPORTED_PLATFORMS = "iphonesimulator iphoneos";
				WRAPPER_EXTENSION = app;
			};
			name = "Ad Hoc Distribution";
		};
		FBF7B1151660EC9B00B0821F /* Ad Hoc Distribution */ = {
			isa = XCBuildConfiguration;
			buildSettings = {
				BUNDLE_LOADER = "$(BUILT_PRODUCTS_DIR)/KaBoom.app/KaBoom";
				FRAMEWORK_SEARCH_PATHS = (
					"\"$(SDKROOT)/Developer/Library/Frameworks\"",
					"\"$(DEVELOPER_LIBRARY_DIR)/Frameworks\"",
				);
				GCC_PRECOMPILE_PREFIX_HEADER = YES;
				GCC_PREFIX_HEADER = "KaBoom/KaBoom-Prefix.pch";
				INFOPLIST_FILE = "KaBoomTests/KaBoomTests-Info.plist";
				PRODUCT_NAME = "$(TARGET_NAME)";
				TEST_HOST = "$(BUNDLE_LOADER)";
				WRAPPER_EXTENSION = octest;
			};
			name = "Ad Hoc Distribution";
		};
/* End XCBuildConfiguration section */

/* Begin XCConfigurationList section */
		FB81A720165F3AE000DCF88C /* Build configuration list for PBXProject "KaBoom" */ = {
			isa = XCConfigurationList;
			buildConfigurations = (
				FB81A757165F3AE100DCF88C /* Debug */,
				FB81A758165F3AE100DCF88C /* Release */,
				FBF7B1131660EC9B00B0821F /* Ad Hoc Distribution */,
			);
			defaultConfigurationIsVisible = 0;
			defaultConfigurationName = Release;
		};
		FB81A759165F3AE100DCF88C /* Build configuration list for PBXNativeTarget "KaBoom" */ = {
			isa = XCConfigurationList;
			buildConfigurations = (
				FB81A75A165F3AE100DCF88C /* Debug */,
				FB81A75B165F3AE100DCF88C /* Release */,
				FBF7B1141660EC9B00B0821F /* Ad Hoc Distribution */,
			);
			defaultConfigurationIsVisible = 0;
			defaultConfigurationName = Release;
		};
		FB81A75C165F3AE100DCF88C /* Build configuration list for PBXNativeTarget "KaBoomTests" */ = {
			isa = XCConfigurationList;
			buildConfigurations = (
				FB81A75D165F3AE100DCF88C /* Debug */,
				FB81A75E165F3AE100DCF88C /* Release */,
				FBF7B1151660EC9B00B0821F /* Ad Hoc Distribution */,
			);
			defaultConfigurationIsVisible = 0;
			defaultConfigurationName = Release;
		};
/* End XCConfigurationList section */
	};
	rootObject = FB81A71D165F3AE000DCF88C /* Project object */;
}
